
Microsoft Visual Studio Solution File, Format Version 12.00
# Visual Studio Version 17
VisualStudioVersion = 17.9.34728.123
MinimumVisualStudioVersion = 10.0.40219.1
Project("{888888A0-9F3D-457C-B088-3A5042F75D52}") = "PythonDataStructures", "PythonDataStructures\PythonDataStructures.pyproj", "{E998DBEF-4BA3-4039-8384-9933CE159A76}"
EndProject
Global
	GlobalSection(SolutionConfigurationPlatforms) = preSolution
		Debug|Any CPU = Debug|Any CPU
		Release|Any CPU = Release|Any CPU
	EndGlobalSection
	GlobalSection(ProjectConfigurationPlatforms) = postSolution
		{E998DBEF-4BA3-4039-8384-9933CE159A76}.Debug|Any CPU.ActiveCfg = Debug|Any CPU
		{E998DBEF-4BA3-4039-8384-9933CE159A76}.Release|Any CPU.ActiveCfg = Release|Any CPU
	EndGlobalSection
	GlobalSection(SolutionProperties) = preSolution
		HideSolutionNode = FALSE
	EndGlobalSection
	GlobalSection(ExtensibilityGlobals) = postSolution
		SolutionGuid = {0DFB73DB-9D0E-4472-801B-3216BB2B294C}
	EndGlobalSection
EndGlobal
